
Microsoft Visual Studio Solution File, Format Version 12.00
# Visual Studio Version 17
VisualStudioVersion = 17.3.32804.467
MinimumVisualStudioVersion = 10.0.40219.1
Project("{2150E333-8FDC-42A3-9474-1A3956D46DE8}") = "Services", "Services", "{9E5D00DE-09A6-47D5-AF57-5B426E575683}"
EndProject
Project("{2150E333-8FDC-42A3-9474-1A3956D46DE8}") = "Catalog", "Catalog", "{315C51E3-7A74-4822-A56C-62290A25FB3F}"
EndProject
Project("{9A19103F-16F7-4668-BE54-9A1E7A4F7556}") = "FreeCourse.Services.Catalog", "Services\Catalog\FreeCourse.Services.Catalog\FreeCourse.Services.Catalog.csproj", "{B8F33E89-CD14-4BB3-89F7-3F8FC39DFADF}"
EndProject
Project("{2150E333-8FDC-42A3-9474-1A3956D46DE8}") = "Solution Items", "Solution Items", "{8786FEC1-D7C6-4ED7-8630-DB5661681E66}"
	ProjectSection(SolutionItems) = preProject
		Ports.txt = Ports.txt
	EndProjectSection
EndProject
Project("{2150E333-8FDC-42A3-9474-1A3956D46DE8}") = "Shared", "Shared", "{381BD36C-E59B-4D27-B8E7-E21AA5FB6C93}"
EndProject
Project("{9A19103F-16F7-4668-BE54-9A1E7A4F7556}") = "FreeCourse.Shared", "Shared\FreeCourse.Shared\FreeCourse.Shared.csproj", "{37D85170-0D32-4F3E-BA2D-273467B7FB9A}"
EndProject
Project("{2150E333-8FDC-42A3-9474-1A3956D46DE8}") = "IdentityServer", "IdentityServer", "{70D5B1A9-6379-472C-9BE8-5B5D355F106C}"
EndProject
Project("{9A19103F-16F7-4668-BE54-9A1E7A4F7556}") = "FreeCourse.IdentityServer", "IdentityServer\FreeCourse.IdentityServer\FreeCourse.IdentityServer.csproj", "{472AA77B-8853-4A33-98C9-BE2820AC0371}"
EndProject
Project("{2150E333-8FDC-42A3-9474-1A3956D46DE8}") = "PhotoStock", "PhotoStock", "{4B5112D1-BD7F-469F-9B3D-D7642E120FBB}"
EndProject
Project("{9A19103F-16F7-4668-BE54-9A1E7A4F7556}") = "FreeCourse.Services.PhotoStock", "Services\PhotoStock\FreeCourse.Services.PhotoStock\FreeCourse.Services.PhotoStock.csproj", "{589A4BEA-E870-43CA-BCE6-B251D10DB086}"
EndProject
Project("{2150E333-8FDC-42A3-9474-1A3956D46DE8}") = "Basket", "Basket", "{80971D77-B15F-4CBC-BE1A-A39FD3A12A3D}"
EndProject
Project("{9A19103F-16F7-4668-BE54-9A1E7A4F7556}") = "FreeCourse.Services.Basket", "Services\Basket\FreeCourse.Services.Basket\FreeCourse.Services.Basket.csproj", "{C3AA96B3-D32E-41C9-95F3-8119ECA36F1D}"
EndProject
Project("{2150E333-8FDC-42A3-9474-1A3956D46DE8}") = "Discount", "Discount", "{CA0A1679-44A8-4C2A-B678-07719BDF75F9}"
EndProject
Project("{9A19103F-16F7-4668-BE54-9A1E7A4F7556}") = "FreeCourse.Services.Discount", "Services\Discount\FreeCourse.Services.Discount\FreeCourse.Services.Discount.csproj", "{5AAACC52-2360-47CE-816A-543C7207C309}"
EndProject
Project("{2150E333-8FDC-42A3-9474-1A3956D46DE8}") = "Order", "Order", "{9E5A79AB-125C-4A69-837D-0CCF007B4466}"
EndProject
Project("{FAE04EC0-301F-11D3-BF4B-00C04F79EFBC}") = "FreeCourse.Services.Order.API", "Services\Order\FreeCourse.Services.Order.API\FreeCourse.Services.Order.API.csproj", "{A0CF6B40-6BA9-44B5-BBFD-E9F136507805}"
EndProject
Project("{FAE04EC0-301F-11D3-BF4B-00C04F79EFBC}") = "FreeCourse.Services.Order.Application", "Services\Order\FreeCourse.Services.Order.Application\FreeCourse.Services.Order.Application.csproj", "{C397D543-37F6-4AE1-A117-644381D3AA96}"
EndProject
Project("{FAE04EC0-301F-11D3-BF4B-00C04F79EFBC}") = "FreeCourse.Services.Order.Domain", "Services\Order\FreeCourse.Services.Order.Domain\FreeCourse.Services.Order.Domain.csproj", "{497391F3-E6A7-463B-86F7-B53A6869AEC8}"
EndProject
Project("{FAE04EC0-301F-11D3-BF4B-00C04F79EFBC}") = "FreeCourse.Services.Order.Domain.Core", "Services\Order\FreeCourse.Services.Order.Domain.Core\FreeCourse.Services.Order.Domain.Core.csproj", "{164F08FA-640B-432E-899E-EE5D2D7B95DE}"
EndProject
Project("{FAE04EC0-301F-11D3-BF4B-00C04F79EFBC}") = "FreeCourse.Services.Order.Infrastructure", "Services\Order\FreeCourse.Services.Order.Infrastructure\FreeCourse.Services.Order.Infrastructure.csproj", "{B7A147E5-FE5F-47C1-A7B2-2258E96F01F1}"
EndProject
Global
	GlobalSection(SolutionConfigurationPlatforms) = preSolution
		Debug|Any CPU = Debug|Any CPU
		Release|Any CPU = Release|Any CPU
	EndGlobalSection
	GlobalSection(ProjectConfigurationPlatforms) = postSolution
		{B8F33E89-CD14-4BB3-89F7-3F8FC39DFADF}.Debug|Any CPU.ActiveCfg = Debug|Any CPU
		{B8F33E89-CD14-4BB3-89F7-3F8FC39DFADF}.Debug|Any CPU.Build.0 = Debug|Any CPU
		{B8F33E89-CD14-4BB3-89F7-3F8FC39DFADF}.Release|Any CPU.ActiveCfg = Release|Any CPU
		{B8F33E89-CD14-4BB3-89F7-3F8FC39DFADF}.Release|Any CPU.Build.0 = Release|Any CPU
		{37D85170-0D32-4F3E-BA2D-273467B7FB9A}.Debug|Any CPU.ActiveCfg = Debug|Any CPU
		{37D85170-0D32-4F3E-BA2D-273467B7FB9A}.Debug|Any CPU.Build.0 = Debug|Any CPU
		{37D85170-0D32-4F3E-BA2D-273467B7FB9A}.Release|Any CPU.ActiveCfg = Release|Any CPU
		{37D85170-0D32-4F3E-BA2D-273467B7FB9A}.Release|Any CPU.Build.0 = Release|Any CPU
		{472AA77B-8853-4A33-98C9-BE2820AC0371}.Debug|Any CPU.ActiveCfg = Debug|Any CPU
		{472AA77B-8853-4A33-98C9-BE2820AC0371}.Debug|Any CPU.Build.0 = Debug|Any CPU
		{472AA77B-8853-4A33-98C9-BE2820AC0371}.Release|Any CPU.ActiveCfg = Release|Any CPU
		{472AA77B-8853-4A33-98C9-BE2820AC0371}.Release|Any CPU.Build.0 = Release|Any CPU
		{589A4BEA-E870-43CA-BCE6-B251D10DB086}.Debug|Any CPU.ActiveCfg = Debug|Any CPU
		{589A4BEA-E870-43CA-BCE6-B251D10DB086}.Debug|Any CPU.Build.0 = Debug|Any CPU
		{589A4BEA-E870-43CA-BCE6-B251D10DB086}.Release|Any CPU.ActiveCfg = Release|Any CPU
		{589A4BEA-E870-43CA-BCE6-B251D10DB086}.Release|Any CPU.Build.0 = Release|Any CPU
		{C3AA96B3-D32E-41C9-95F3-8119ECA36F1D}.Debug|Any CPU.ActiveCfg = Debug|Any CPU
		{C3AA96B3-D32E-41C9-95F3-8119ECA36F1D}.Debug|Any CPU.Build.0 = Debug|Any CPU
		{C3AA96B3-D32E-41C9-95F3-8119ECA36F1D}.Release|Any CPU.ActiveCfg = Release|Any CPU
		{C3AA96B3-D32E-41C9-95F3-8119ECA36F1D}.Release|Any CPU.Build.0 = Release|Any CPU
		{5AAACC52-2360-47CE-816A-543C7207C309}.Debug|Any CPU.ActiveCfg = Debug|Any CPU
		{5AAACC52-2360-47CE-816A-543C7207C309}.Debug|Any CPU.Build.0 = Debug|Any CPU
		{5AAACC52-2360-47CE-816A-543C7207C309}.Release|Any CPU.ActiveCfg = Release|Any CPU
		{5AAACC52-2360-47CE-816A-543C7207C309}.Release|Any CPU.Build.0 = Release|Any CPU
		{A0CF6B40-6BA9-44B5-BBFD-E9F136507805}.Debug|Any CPU.ActiveCfg = Debug|Any CPU
		{A0CF6B40-6BA9-44B5-BBFD-E9F136507805}.Debug|Any CPU.Build.0 = Debug|Any CPU
		{A0CF6B40-6BA9-44B5-BBFD-E9F136507805}.Release|Any CPU.ActiveCfg = Release|Any CPU
		{A0CF6B40-6BA9-44B5-BBFD-E9F136507805}.Release|Any CPU.Build.0 = Release|Any CPU
		{C397D543-37F6-4AE1-A117-644381D3AA96}.Debug|Any CPU.ActiveCfg = Debug|Any CPU
		{C397D543-37F6-4AE1-A117-644381D3AA96}.Debug|Any CPU.Build.0 = Debug|Any CPU
		{C397D543-37F6-4AE1-A117-644381D3AA96}.Release|Any CPU.ActiveCfg = Release|Any CPU
		{C397D543-37F6-4AE1-A117-644381D3AA96}.Release|Any CPU.Build.0 = Release|Any CPU
		{497391F3-E6A7-463B-86F7-B53A6869AEC8}.Debug|Any CPU.ActiveCfg = Debug|Any CPU
		{497391F3-E6A7-463B-86F7-B53A6869AEC8}.Debug|Any CPU.Build.0 = Debug|Any CPU
		{497391F3-E6A7-463B-86F7-B53A6869AEC8}.Release|Any CPU.ActiveCfg = Release|Any CPU
		{497391F3-E6A7-463B-86F7-B53A6869AEC8}.Release|Any CPU.Build.0 = Release|Any CPU
		{164F08FA-640B-432E-899E-EE5D2D7B95DE}.Debug|Any CPU.ActiveCfg = Debug|Any CPU
		{164F08FA-640B-432E-899E-EE5D2D7B95DE}.Debug|Any CPU.Build.0 = Debug|Any CPU
		{164F08FA-640B-432E-899E-EE5D2D7B95DE}.Release|Any CPU.ActiveCfg = Release|Any CPU
		{164F08FA-640B-432E-899E-EE5D2D7B95DE}.Release|Any CPU.Build.0 = Release|Any CPU
		{B7A147E5-FE5F-47C1-A7B2-2258E96F01F1}.Debug|Any CPU.ActiveCfg = Debug|Any CPU
		{B7A147E5-FE5F-47C1-A7B2-2258E96F01F1}.Debug|Any CPU.Build.0 = Debug|Any CPU
		{B7A147E5-FE5F-47C1-A7B2-2258E96F01F1}.Release|Any CPU.ActiveCfg = Release|Any CPU
		{B7A147E5-FE5F-47C1-A7B2-2258E96F01F1}.Release|Any CPU.Build.0 = Release|Any CPU
	EndGlobalSection
	GlobalSection(SolutionProperties) = preSolution
		HideSolutionNode = FALSE
	EndGlobalSection
	GlobalSection(NestedProjects) = preSolution
		{315C51E3-7A74-4822-A56C-62290A25FB3F} = {9E5D00DE-09A6-47D5-AF57-5B426E575683}
		{B8F33E89-CD14-4BB3-89F7-3F8FC39DFADF} = {315C51E3-7A74-4822-A56C-62290A25FB3F}
		{37D85170-0D32-4F3E-BA2D-273467B7FB9A} = {381BD36C-E59B-4D27-B8E7-E21AA5FB6C93}
		{472AA77B-8853-4A33-98C9-BE2820AC0371} = {70D5B1A9-6379-472C-9BE8-5B5D355F106C}
		{4B5112D1-BD7F-469F-9B3D-D7642E120FBB} = {9E5D00DE-09A6-47D5-AF57-5B426E575683}
		{589A4BEA-E870-43CA-BCE6-B251D10DB086} = {4B5112D1-BD7F-469F-9B3D-D7642E120FBB}
		{80971D77-B15F-4CBC-BE1A-A39FD3A12A3D} = {9E5D00DE-09A6-47D5-AF57-5B426E575683}
		{C3AA96B3-D32E-41C9-95F3-8119ECA36F1D} = {80971D77-B15F-4CBC-BE1A-A39FD3A12A3D}
		{CA0A1679-44A8-4C2A-B678-07719BDF75F9} = {9E5D00DE-09A6-47D5-AF57-5B426E575683}
		{5AAACC52-2360-47CE-816A-543C7207C309} = {CA0A1679-44A8-4C2A-B678-07719BDF75F9}
		{9E5A79AB-125C-4A69-837D-0CCF007B4466} = {9E5D00DE-09A6-47D5-AF57-5B426E575683}
		{A0CF6B40-6BA9-44B5-BBFD-E9F136507805} = {9E5A79AB-125C-4A69-837D-0CCF007B4466}
		{C397D543-37F6-4AE1-A117-644381D3AA96} = {9E5A79AB-125C-4A69-837D-0CCF007B4466}
		{497391F3-E6A7-463B-86F7-B53A6869AEC8} = {9E5A79AB-125C-4A69-837D-0CCF007B4466}
		{164F08FA-640B-432E-899E-EE5D2D7B95DE} = {9E5A79AB-125C-4A69-837D-0CCF007B4466}
		{B7A147E5-FE5F-47C1-A7B2-2258E96F01F1} = {9E5A79AB-125C-4A69-837D-0CCF007B4466}
	EndGlobalSection
	GlobalSection(ExtensibilityGlobals) = postSolution
		SolutionGuid = {995C7305-D119-4708-B642-2B41B882DD35}
	EndGlobalSection
EndGlobal
